
Microsoft Visual Studio Solution File, Format Version 12.00
# Visual Studio 15
VisualStudioVersion = 15.0.28307.705
MinimumVisualStudioVersion = 10.0.40219.1
Project("{9A19103F-16F7-4668-BE54-9A1E7A4F7556}") = "KE.VSIX", "KE.VSIX\KE.VSIX.csproj", "{E7E4B189-6CD1-4A2D-BDD8-27A667885094}"
EndProject
Project("{FAE04EC0-301F-11D3-BF4B-00C04F79EFBC}") = "KE.VSIX.DotNetCompilerPlatform", "KE.VSIX.DotNetCompilerPlatform\KE.VSIX.DotNetCompilerPlatform.csproj", "{DB9DFB0D-93ED-420D-83A5-E0253B6967D1}"
EndProject
Global
	GlobalSection(SolutionConfigurationPlatforms) = preSolution
		Debug|Any CPU = Debug|Any CPU
		Release|Any CPU = Release|Any CPU
	EndGlobalSection
	GlobalSection(ProjectConfigurationPlatforms) = postSolution
		{E7E4B189-6CD1-4A2D-BDD8-27A667885094}.Debug|Any CPU.ActiveCfg = Debug|Any CPU
		{E7E4B189-6CD1-4A2D-BDD8-27A667885094}.Debug|Any CPU.Build.0 = Debug|Any CPU
		{E7E4B189-6CD1-4A2D-BDD8-27A667885094}.Release|Any CPU.ActiveCfg = Release|Any CPU
		{E7E4B189-6CD1-4A2D-BDD8-27A667885094}.Release|Any CPU.Build.0 = Release|Any CPU
		{DB9DFB0D-93ED-420D-83A5-E0253B6967D1}.Debug|Any CPU.ActiveCfg = Debug|Any CPU
		{DB9DFB0D-93ED-420D-83A5-E0253B6967D1}.Debug|Any CPU.Build.0 = Debug|Any CPU
		{DB9DFB0D-93ED-420D-83A5-E0253B6967D1}.Release|Any CPU.ActiveCfg = Release|Any CPU
		{DB9DFB0D-93ED-420D-83A5-E0253B6967D1}.Release|Any CPU.Build.0 = Release|Any CPU
	EndGlobalSection
	GlobalSection(SolutionProperties) = preSolution
		HideSolutionNode = FALSE
	EndGlobalSection
	GlobalSection(ExtensibilityGlobals) = postSolution
		SolutionGuid = {5D50ACFE-BD36-43C1-B5D3-BC43F337788E}
	EndGlobalSection
EndGlobal
